
Microsoft Visual Studio Solution File, Format Version 12.00
# Visual Studio 2017
Project("{FAE04EC0-301F-11D3-BF4B-00C04F79EFBC}") = "EchoGrid.Plugins", "EchoGrid.Plugins.csproj", "{78D5E3F2-2900-1E86-10DC-D93D91B86399}"
EndProject
Project("{FAE04EC0-301F-11D3-BF4B-00C04F79EFBC}") = "EchoGrid", "EchoGrid.csproj", "{C5FD396D-4E93-83B5-E258-47980267A45A}"
EndProject
Project("{FAE04EC0-301F-11D3-BF4B-00C04F79EFBC}") = "EchoGrid.Editor", "EchoGrid.Editor.csproj", "{374FD2B1-6FE2-9293-7CC7-EC7E87EAB3D1}"
EndProject
Global
	GlobalSection(SolutionConfigurationPlatforms) = preSolution
		Debug|Any CPU = Debug|Any CPU
		Release|Any CPU = Release|Any CPU
	EndGlobalSection
	GlobalSection(ProjectConfigurationPlatforms) = postSolution
		{78D5E3F2-2900-1E86-10DC-D93D91B86399}.Debug|Any CPU.ActiveCfg = Debug|Any CPU
		{78D5E3F2-2900-1E86-10DC-D93D91B86399}.Debug|Any CPU.Build.0 = Debug|Any CPU
		{78D5E3F2-2900-1E86-10DC-D93D91B86399}.Release|Any CPU.ActiveCfg = Release|Any CPU
		{78D5E3F2-2900-1E86-10DC-D93D91B86399}.Release|Any CPU.Build.0 = Release|Any CPU
		{C5FD396D-4E93-83B5-E258-47980267A45A}.Debug|Any CPU.ActiveCfg = Debug|Any CPU
		{C5FD396D-4E93-83B5-E258-47980267A45A}.Debug|Any CPU.Build.0 = Debug|Any CPU
		{C5FD396D-4E93-83B5-E258-47980267A45A}.Release|Any CPU.ActiveCfg = Release|Any CPU
		{C5FD396D-4E93-83B5-E258-47980267A45A}.Release|Any CPU.Build.0 = Release|Any CPU
		{374FD2B1-6FE2-9293-7CC7-EC7E87EAB3D1}.Debug|Any CPU.ActiveCfg = Debug|Any CPU
		{374FD2B1-6FE2-9293-7CC7-EC7E87EAB3D1}.Debug|Any CPU.Build.0 = Debug|Any CPU
		{374FD2B1-6FE2-9293-7CC7-EC7E87EAB3D1}.Release|Any CPU.ActiveCfg = Release|Any CPU
		{374FD2B1-6FE2-9293-7CC7-EC7E87EAB3D1}.Release|Any CPU.Build.0 = Release|Any CPU
	EndGlobalSection
	GlobalSection(SolutionProperties) = preSolution
		HideSolutionNode = FALSE
	EndGlobalSection
EndGlobal
